
Microsoft Visual Studio Solution File, Format Version 12.00
# Visual Studio Version 16
VisualStudioVersion = 16.0.30907.101
MinimumVisualStudioVersion = 10.0.40219.1
Project("{9A19103F-16F7-4668-BE54-9A1E7A4F7556}") = "MyNetCore.Common", "MyNetCore.Common\MyNetCore.Common.csproj", "{AEC1DDD5-2359-4279-B2E1-85805D5BBC0C}"
EndProject
Project("{9A19103F-16F7-4668-BE54-9A1E7A4F7556}") = "MyNetCore.IRepository", "MyNetCore.IRepository\MyNetCore.IRepository.csproj", "{D092DC78-BBEF-4C4D-B218-C11E861BD0A8}"
EndProject
Project("{9A19103F-16F7-4668-BE54-9A1E7A4F7556}") = "MyNetCore.Repository", "MyNetCore.Repository\MyNetCore.Repository.csproj", "{BAEC848C-2E41-45E7-8D47-181CA859855D}"
EndProject
Project("{9A19103F-16F7-4668-BE54-9A1E7A4F7556}") = "MyNetCore.IServices", "MyNetCore.IServices\MyNetCore.IServices.csproj", "{D0A033DA-3987-4EE9-8755-D4941492740B}"
EndProject
Project("{9A19103F-16F7-4668-BE54-9A1E7A4F7556}") = "MyNetCore.Services", "MyNetCore.Services\MyNetCore.Services.csproj", "{472A7649-2323-4604-8EB4-234E5909B8AA}"
EndProject
Project("{9A19103F-16F7-4668-BE54-9A1E7A4F7556}") = "MyNetCore.Model", "MyNetCore.Model\MyNetCore.Model.csproj", "{E25DA63C-4DCE-41F0-9619-9FB8EAA161CB}"
EndProject
Project("{9A19103F-16F7-4668-BE54-9A1E7A4F7556}") = "MyNetCore.Web", "MyNetCore.Web\MyNetCore.Web.csproj", "{F8A715F0-B3C0-4BC8-9A0D-70F95F5B90A8}"
EndProject
Global
	GlobalSection(SolutionConfigurationPlatforms) = preSolution
		Debug|Any CPU = Debug|Any CPU
		Release|Any CPU = Release|Any CPU
	EndGlobalSection
	GlobalSection(ProjectConfigurationPlatforms) = postSolution
		{AEC1DDD5-2359-4279-B2E1-85805D5BBC0C}.Debug|Any CPU.ActiveCfg = Debug|Any CPU
		{AEC1DDD5-2359-4279-B2E1-85805D5BBC0C}.Debug|Any CPU.Build.0 = Debug|Any CPU
		{AEC1DDD5-2359-4279-B2E1-85805D5BBC0C}.Release|Any CPU.ActiveCfg = Release|Any CPU
		{AEC1DDD5-2359-4279-B2E1-85805D5BBC0C}.Release|Any CPU.Build.0 = Release|Any CPU
		{D092DC78-BBEF-4C4D-B218-C11E861BD0A8}.Debug|Any CPU.ActiveCfg = Debug|Any CPU
		{D092DC78-BBEF-4C4D-B218-C11E861BD0A8}.Debug|Any CPU.Build.0 = Debug|Any CPU
		{D092DC78-BBEF-4C4D-B218-C11E861BD0A8}.Release|Any CPU.ActiveCfg = Release|Any CPU
		{D092DC78-BBEF-4C4D-B218-C11E861BD0A8}.Release|Any CPU.Build.0 = Release|Any CPU
		{BAEC848C-2E41-45E7-8D47-181CA859855D}.Debug|Any CPU.ActiveCfg = Debug|Any CPU
		{BAEC848C-2E41-45E7-8D47-181CA859855D}.Debug|Any CPU.Build.0 = Debug|Any CPU
		{BAEC848C-2E41-45E7-8D47-181CA859855D}.Release|Any CPU.ActiveCfg = Release|Any CPU
		{BAEC848C-2E41-45E7-8D47-181CA859855D}.Release|Any CPU.Build.0 = Release|Any CPU
		{D0A033DA-3987-4EE9-8755-D4941492740B}.Debug|Any CPU.ActiveCfg = Debug|Any CPU
		{D0A033DA-3987-4EE9-8755-D4941492740B}.Debug|Any CPU.Build.0 = Debug|Any CPU
		{D0A033DA-3987-4EE9-8755-D4941492740B}.Release|Any CPU.ActiveCfg = Release|Any CPU
		{D0A033DA-3987-4EE9-8755-D4941492740B}.Release|Any CPU.Build.0 = Release|Any CPU
		{472A7649-2323-4604-8EB4-234E5909B8AA}.Debug|Any CPU.ActiveCfg = Debug|Any CPU
		{472A7649-2323-4604-8EB4-234E5909B8AA}.Debug|Any CPU.Build.0 = Debug|Any CPU
		{472A7649-2323-4604-8EB4-234E5909B8AA}.Release|Any CPU.ActiveCfg = Release|Any CPU
		{472A7649-2323-4604-8EB4-234E5909B8AA}.Release|Any CPU.Build.0 = Release|Any CPU
		{E25DA63C-4DCE-41F0-9619-9FB8EAA161CB}.Debug|Any CPU.ActiveCfg = Debug|Any CPU
		{E25DA63C-4DCE-41F0-9619-9FB8EAA161CB}.Debug|Any CPU.Build.0 = Debug|Any CPU
		{E25DA63C-4DCE-41F0-9619-9FB8EAA161CB}.Release|Any CPU.ActiveCfg = Release|Any CPU
		{E25DA63C-4DCE-41F0-9619-9FB8EAA161CB}.Release|Any CPU.Build.0 = Release|Any CPU
		{F8A715F0-B3C0-4BC8-9A0D-70F95F5B90A8}.Debug|Any CPU.ActiveCfg = Debug|Any CPU
		{F8A715F0-B3C0-4BC8-9A0D-70F95F5B90A8}.Debug|Any CPU.Build.0 = Debug|Any CPU
		{F8A715F0-B3C0-4BC8-9A0D-70F95F5B90A8}.Release|Any CPU.ActiveCfg = Release|Any CPU
		{F8A715F0-B3C0-4BC8-9A0D-70F95F5B90A8}.Release|Any CPU.Build.0 = Release|Any CPU
	EndGlobalSection
	GlobalSection(SolutionProperties) = preSolution
		HideSolutionNode = FALSE
	EndGlobalSection
	GlobalSection(ExtensibilityGlobals) = postSolution
		SolutionGuid = {42546946-15C1-418D-A3A3-A015D4A0F3BD}
	EndGlobalSection
EndGlobal
